lockfileVersion: '6.0'

settings:
  autoInstallPeers: true
  excludeLinksFromLockfile: false

devDependencies:
  typescript:
    specifier: ^5.1.5
    version: 5.1.5

packages:

  /typescript@5.1.5:
    resolution: {integrity: sha512-FOH+WN/DQjUvN6WgW+c4Ml3yi0PH+a/8q+kNIfRehv1wLhWONedw85iu+vQ39Wp49IzTJEsZ2lyLXpBF7mkF1g==}
    engines: {node: '>=14.17'}
    hasBin: true
    dev: true
